
Microsoft Visual Studio Solution File, Format Version 12.00
# Visual Studio Version 17
VisualStudioVersion = 17.2.32616.157
MinimumVisualStudioVersion = 10.0.40219.1
Project("{FAE04EC0-301F-11D3-BF4B-00C04F79EFBC}") = "RabbitMQ_publisher", "RabitMQ\RabbitMQ_publisher.csproj", "{3F3D5133-EAB8-4E1D-9817-9FF74FDF3066}"
EndProject
Project("{FAE04EC0-301F-11D3-BF4B-00C04F79EFBC}") = "RabbitMQ_consumer", "RabbitMQ_consumer\RabbitMQ_consumer.csproj", "{F7892A13-DED2-4C7A-9247-F7FB9EA1D039}"
EndProject
Global
	GlobalSection(SolutionConfigurationPlatforms) = preSolution
		Debug|Any CPU = Debug|Any CPU
		Release|Any CPU = Release|Any CPU
	EndGlobalSection
	GlobalSection(ProjectConfigurationPlatforms) = postSolution
		{3F3D5133-EAB8-4E1D-9817-9FF74FDF3066}.Debug|Any CPU.ActiveCfg = Debug|Any CPU
		{3F3D5133-EAB8-4E1D-9817-9FF74FDF3066}.Debug|Any CPU.Build.0 = Debug|Any CPU
		{3F3D5133-EAB8-4E1D-9817-9FF74FDF3066}.Release|Any CPU.ActiveCfg = Release|Any CPU
		{3F3D5133-EAB8-4E1D-9817-9FF74FDF3066}.Release|Any CPU.Build.0 = Release|Any CPU
		{F7892A13-DED2-4C7A-9247-F7FB9EA1D039}.Debug|Any CPU.ActiveCfg = Debug|Any CPU
		{F7892A13-DED2-4C7A-9247-F7FB9EA1D039}.Debug|Any CPU.Build.0 = Debug|Any CPU
		{F7892A13-DED2-4C7A-9247-F7FB9EA1D039}.Release|Any CPU.ActiveCfg = Release|Any CPU
		{F7892A13-DED2-4C7A-9247-F7FB9EA1D039}.Release|Any CPU.Build.0 = Release|Any CPU
	EndGlobalSection
	GlobalSection(SolutionProperties) = preSolution
		HideSolutionNode = FALSE
	EndGlobalSection
	GlobalSection(ExtensibilityGlobals) = postSolution
		SolutionGuid = {D9A84935-ACD7-452E-B556-5ED7F4A9669A}
	EndGlobalSection
EndGlobal
